// !$*UTF8*$!
{
	archiveVersion = 1;
	classes = {
	};
	objectVersion = 56;
	objects = {

/* Begin PBXBuildFile section */
		101C226F298AE26800EAB568 /* CategoryCollectionViewCell.swift in Sources */ = {isa = PBXBuildFile; fileRef = 101C226E298AE26800EAB568 /* CategoryCollectionViewCell.swift */; };
		101C2271298B056700EAB568 /* TodoTableViewCell.swift in Sources */ = {isa = PBXBuildFile; fileRef = 101C2270298B056700EAB568 /* TodoTableViewCell.swift */; };
		101E1AC8298C5BFC00F8832D /* todohomework.db in Resources */ = {isa = PBXBuildFile; fileRef = 101E1AC7298C5BFC00F8832D /* todohomework.db */; };
		108236DF298A8037008D0E9D /* AppDelegate.swift in Sources */ = {isa = PBXBuildFile; fileRef = 108236DE298A8037008D0E9D /* AppDelegate.swift */; };
		108236E1298A8037008D0E9D /* SceneDelegate.swift in Sources */ = {isa = PBXBuildFile; fileRef = 108236E0298A8037008D0E9D /* SceneDelegate.swift */; };
		108236E3298A8037008D0E9D /* HomeViewController.swift in Sources */ = {isa = PBXBuildFile; fileRef = 108236E2298A8037008D0E9D /* HomeViewController.swift */; };
		108236E6298A8037008D0E9D /* Main.storyboard in Resources */ = {isa = PBXBuildFile; fileRef = 108236E4298A8037008D0E9D /* Main.storyboard */; };
		108236E8298A8038008D0E9D /* Assets.xcassets in Resources */ = {isa = PBXBuildFile; fileRef = 108236E7298A8038008D0E9D /* Assets.xcassets */; };
		108236EB298A8038008D0E9D /* LaunchScreen.storyboard in Resources */ = {isa = PBXBuildFile; fileRef = 108236E9298A8038008D0E9D /* LaunchScreen.storyboard */; };
		10823700298A8A13008D0E9D /* FMDatabaseQueue.m in Sources */ = {isa = PBXBuildFile; fileRef = 108236F6298A8A13008D0E9D /* FMDatabaseQueue.m */; };
		10823701298A8A13008D0E9D /* FMResultSet.m in Sources */ = {isa = PBXBuildFile; fileRef = 108236F7298A8A13008D0E9D /* FMResultSet.m */; };
		10823702298A8A13008D0E9D /* FMDatabaseAdditions.m in Sources */ = {isa = PBXBuildFile; fileRef = 108236F8298A8A13008D0E9D /* FMDatabaseAdditions.m */; };
		10823703298A8A13008D0E9D /* FMDatabasePool.m in Sources */ = {isa = PBXBuildFile; fileRef = 108236FA298A8A13008D0E9D /* FMDatabasePool.m */; };
		10823704298A8A13008D0E9D /* FMDatabase.m in Sources */ = {isa = PBXBuildFile; fileRef = 108236FD298A8A13008D0E9D /* FMDatabase.m */; };
		10C03CB2298D534A0016F107 /* string_extensions.swift in Sources */ = {isa = PBXBuildFile; fileRef = 10C03CB1298D534A0016F107 /* string_extensions.swift */; };
		10D2F1DD298BD7F00002E3C0 /* HomeViewPresent.swift in Sources */ = {isa = PBXBuildFile; fileRef = 10D2F1DC298BD7F00002E3C0 /* HomeViewPresent.swift */; };
		10D2F1DF298BD84A0002E3C0 /* HomeViewProtocols.swift in Sources */ = {isa = PBXBuildFile; fileRef = 10D2F1DE298BD84A0002E3C0 /* HomeViewProtocols.swift */; };
		10D2F1E1298BD8540002E3C0 /* HomeViewInteractor.swift in Sources */ = {isa = PBXBuildFile; fileRef = 10D2F1E0298BD8540002E3C0 /* HomeViewInteractor.swift */; };
		10D2F1E3298BD85C0002E3C0 /* HomeViewRouter.swift in Sources */ = {isa = PBXBuildFile; fileRef = 10D2F1E2298BD85C0002E3C0 /* HomeViewRouter.swift */; };
		10D2F1E7298BE4B10002E3C0 /* category.swift in Sources */ = {isa = PBXBuildFile; fileRef = 10D2F1E6298BE4B10002E3C0 /* category.swift */; };
		10D2F1E9298BE6310002E3C0 /* todo.swift in Sources */ = {isa = PBXBuildFile; fileRef = 10D2F1E8298BE6310002E3C0 /* todo.swift */; };
/* End PBXBuildFile section */

/* Begin PBXFileReference section */
		101C226E298AE26800EAB568 /* CategoryCollectionViewCell.swift */ = {isa = PBXFileReference; lastKnownFileType = sourcecode.swift; path = CategoryCollectionViewCell.swift; sourceTree = "<group>"; };
		101C2270298B056700EAB568 /* TodoTableViewCell.swift */ = {isa = PBXFileReference; lastKnownFileType = sourcecode.swift; path = TodoTableViewCell.swift; sourceTree = "<group>"; };
		101E1AC7298C5BFC00F8832D /* todohomework.db */ = {isa = PBXFileReference; lastKnownFileType = file; path = todohomework.db; sourceTree = "<group>"; };
		108236DB298A8037008D0E9D /* TodoAppWithSQLite.app */ = {isa = PBXFileReference; explicitFileType = wrapper.application; includeInIndex = 0; path = TodoAppWithSQLite.app; sourceTree = BUILT_PRODUCTS_DIR; };
		108236DE298A8037008D0E9D /* AppDelegate.swift */ = {isa = PBXFileReference; lastKnownFileType = sourcecode.swift; path = AppDelegate.swift; sourceTree = "<group>"; };
		108236E0298A8037008D0E9D /* SceneDelegate.swift */ = {isa = PBXFileReference; lastKnownFileType = sourcecode.swift; path = SceneDelegate.swift; sourceTree = "<group>"; };
		108236E2298A8037008D0E9D /* HomeViewController.swift */ = {isa = PBXFileReference; lastKnownFileType = sourcecode.swift; path = HomeViewController.swift; sourceTree = "<group>"; };
		108236E5298A8037008D0E9D /* Base */ = {isa = PBXFileReference; lastKnownFileType = file.storyboard; name = Base; path = Base.lproj/Main.storyboard; sourceTree = "<group>"; };
		108236E7298A8038008D0E9D /* Assets.xcassets */ = {isa = PBXFileReference; lastKnownFileType = folder.assetcatalog; path = Assets.xcassets; sourceTree = "<group>"; };
		108236EA298A8038008D0E9D /* Base */ = {isa = PBXFileReference; lastKnownFileType = file.storyboard; name = Base; path = Base.lproj/LaunchScreen.storyboard; sourceTree = "<group>"; };
		108236EC298A8038008D0E9D /* Info.plist */ = {isa = PBXFileReference; lastKnownFileType = text.plist.xml; path = Info.plist; sourceTree = "<group>"; };
		108236F4298A8A12008D0E9D /* TodoAppWithSQLite-Bridging-Header.h */ = {isa = PBXFileReference; lastKnownFileType = sourcecode.c.h; path = "TodoAppWithSQLite-Bridging-Header.h"; sourceTree = "<group>"; };
		108236F5298A8A13008D0E9D /* FMDatabaseQueue.h */ = {isa = PBXFileReference; fileEncoding = 4; lastKnownFileType = sourcecode.c.h; path = FMDatabaseQueue.h; sourceTree = "<group>"; };
		108236F6298A8A13008D0E9D /* FMDatabaseQueue.m */ = {isa = PBXFileReference; fileEncoding = 4; lastKnownFileType = sourcecode.c.objc; path = FMDatabaseQueue.m; sourceTree = "<group>"; };
		108236F7298A8A13008D0E9D /* FMResultSet.m */ = {isa = PBXFileReference; fileEncoding = 4; lastKnownFileType = sourcecode.c.objc; path = FMResultSet.m; sourceTree = "<group>"; };
		108236F8298A8A13008D0E9D /* FMDatabaseAdditions.m */ = {isa = PBXFileReference; fileEncoding = 4; lastKnownFileType = sourcecode.c.objc; path = FMDatabaseAdditions.m; sourceTree = "<group>"; };
		108236F9298A8A13008D0E9D /* FMDB.h */ = {isa = PBXFileReference; fileEncoding = 4; lastKnownFileType = sourcecode.c.h; path = FMDB.h; sourceTree = "<group>"; };
		108236FA298A8A13008D0E9D /* FMDatabasePool.m */ = {isa = PBXFileReference; fileEncoding = 4; lastKnownFileType = sourcecode.c.objc; path = FMDatabasePool.m; sourceTree = "<group>"; };
		108236FB298A8A13008D0E9D /* FMDatabasePool.h */ = {isa = PBXFileReference; fileEncoding = 4; lastKnownFileType = sourcecode.c.h; path = FMDatabasePool.h; sourceTree = "<group>"; };
		108236FC298A8A13008D0E9D /* FMResultSet.h */ = {isa = PBXFileReference; fileEncoding = 4; lastKnownFileType = sourcecode.c.h; path = FMResultSet.h; sourceTree = "<group>"; };
		108236FD298A8A13008D0E9D /* FMDatabase.m */ = {isa = PBXFileReference; fileEncoding = 4; lastKnownFileType = sourcecode.c.objc; path = FMDatabase.m; sourceTree = "<group>"; };
		108236FE298A8A13008D0E9D /* FMDatabaseAdditions.h */ = {isa = PBXFileReference; fileEncoding = 4; lastKnownFileType = sourcecode.c.h; path = FMDatabaseAdditions.h; sourceTree = "<group>"; };
		108236FF298A8A13008D0E9D /* FMDatabase.h */ = {isa = PBXFileReference; fileEncoding = 4; lastKnownFileType = sourcecode.c.h; path = FMDatabase.h; sourceTree = "<group>"; };
		10C03CB1298D534A0016F107 /* string_extensions.swift */ = {isa = PBXFileReference; lastKnownFileType = sourcecode.swift; path = string_extensions.swift; sourceTree = "<group>"; };
		10D2F1DC298BD7F00002E3C0 /* HomeViewPresent.swift */ = {isa = PBXFileReference; lastKnownFileType = sourcecode.swift; name = HomeViewPresent.swift; path = "TodoAppWithSQLite/homepage-module/HomeViewPresent.swift"; sourceTree = SOURCE_ROOT; };
		10D2F1DE298BD84A0002E3C0 /* HomeViewProtocols.swift */ = {isa = PBXFileReference; lastKnownFileType = sourcecode.swift; name = HomeViewProtocols.swift; path = "TodoAppWithSQLite/homepage-module/HomeViewProtocols.swift"; sourceTree = SOURCE_ROOT; };
		10D2F1E0298BD8540002E3C0 /* HomeViewInteractor.swift */ = {isa = PBXFileReference; lastKnownFileType = sourcecode.swift; name = HomeViewInteractor.swift; path = "TodoAppWithSQLite/homepage-module/HomeViewInteractor.swift"; sourceTree = SOURCE_ROOT; };
		10D2F1E2298BD85C0002E3C0 /* HomeViewRouter.swift */ = {isa = PBXFileReference; lastKnownFileType = sourcecode.swift; name = HomeViewRouter.swift; path = "TodoAppWithSQLite/homepage-module/HomeViewRouter.swift"; sourceTree = SOURCE_ROOT; };
		10D2F1E6298BE4B10002E3C0 /* category.swift */ = {isa = PBXFileReference; lastKnownFileType = sourcecode.swift; path = category.swift; sourceTree = "<group>"; };
		10D2F1E8298BE6310002E3C0 /* todo.swift */ = {isa = PBXFileReference; lastKnownFileType = sourcecode.swift; path = todo.swift; sourceTree = "<group>"; };
/* End PBXFileReference section */

/* Begin PBXFrameworksBuildPhase section */
		108236D8298A8037008D0E9D /* Frameworks */ = {
			isa = PBXFrameworksBuildPhase;
			buildActionMask = 2147483647;
			files = (
			);
			runOnlyForDeploymentPostprocessing = 0;
		};
/* End PBXFrameworksBuildPhase section */

/* Begin PBXGroup section */
		101C2265298AD9FC00EAB568 /* homepage-module */ = {
			isa = PBXGroup;
			children = (
				101C226B298ADEE500EAB568 /* collectionview */,
				101C226A298ADA3500EAB568 /* router */,
				101C2269298ADA2A00EAB568 /* interactor */,
				101C2268298ADA1F00EAB568 /* protocols */,
				101C2267298ADA1500EAB568 /* presenter */,
				101C2266298ADA0C00EAB568 /* view */,
			);
			path = "homepage-module";
			sourceTree = "<group>";
		};
		101C2266298ADA0C00EAB568 /* view */ = {
			isa = PBXGroup;
			children = (
				108236E2298A8037008D0E9D /* HomeViewController.swift */,
			);
			path = view;
			sourceTree = "<group>";
		};
		101C2267298ADA1500EAB568 /* presenter */ = {
			isa = PBXGroup;
			children = (
				10D2F1DC298BD7F00002E3C0 /* HomeViewPresent.swift */,
			);
			path = presenter;
			sourceTree = "<group>";
		};
		101C2268298ADA1F00EAB568 /* protocols */ = {
			isa = PBXGroup;
			children = (
				10D2F1DE298BD84A0002E3C0 /* HomeViewProtocols.swift */,
			);
			path = protocols;
			sourceTree = "<group>";
		};
		101C2269298ADA2A00EAB568 /* interactor */ = {
			isa = PBXGroup;
			children = (
				10D2F1E0298BD8540002E3C0 /* HomeViewInteractor.swift */,
			);
			path = interactor;
			sourceTree = "<group>";
		};
		101C226A298ADA3500EAB568 /* router */ = {
			isa = PBXGroup;
			children = (
				10D2F1E2298BD85C0002E3C0 /* HomeViewRouter.swift */,
			);
			path = router;
			sourceTree = "<group>";
		};
		101C226B298ADEE500EAB568 /* collectionview */ = {
			isa = PBXGroup;
			children = (
				101C226E298AE26800EAB568 /* CategoryCollectionViewCell.swift */,
				101C2270298B056700EAB568 /* TodoTableViewCell.swift */,
			);
			path = collectionview;
			sourceTree = "<group>";
		};
		108236D2298A8037008D0E9D = {
			isa = PBXGroup;
			children = (
				108236DD298A8037008D0E9D /* TodoAppWithSQLite */,
				108236DC298A8037008D0E9D /* Products */,
			);
			sourceTree = "<group>";
		};
		108236DC298A8037008D0E9D /* Products */ = {
			isa = PBXGroup;
			children = (
				108236DB298A8037008D0E9D /* TodoAppWithSQLite.app */,
			);
			name = Products;
			sourceTree = "<group>";
		};
		108236DD298A8037008D0E9D /* TodoAppWithSQLite */ = {
			isa = PBXGroup;
			children = (
				10C03CB0298D533D0016F107 /* extensions */,
				10D2F1E5298BE4A90002E3C0 /* entity */,
				101C2265298AD9FC00EAB568 /* homepage-module */,
				108236DE298A8037008D0E9D /* AppDelegate.swift */,
				108236E0298A8037008D0E9D /* SceneDelegate.swift */,
				108236E4298A8037008D0E9D /* Main.storyboard */,
				108236E7298A8038008D0E9D /* Assets.xcassets */,
				108236E9298A8038008D0E9D /* LaunchScreen.storyboard */,
				108236EC298A8038008D0E9D /* Info.plist */,
				101E1AC7298C5BFC00F8832D /* todohomework.db */,
				108236FF298A8A13008D0E9D /* FMDatabase.h */,
				108236FD298A8A13008D0E9D /* FMDatabase.m */,
				108236FE298A8A13008D0E9D /* FMDatabaseAdditions.h */,
				108236F8298A8A13008D0E9D /* FMDatabaseAdditions.m */,
				108236FB298A8A13008D0E9D /* FMDatabasePool.h */,
				108236FA298A8A13008D0E9D /* FMDatabasePool.m */,
				108236F5298A8A13008D0E9D /* FMDatabaseQueue.h */,
				108236F6298A8A13008D0E9D /* FMDatabaseQueue.m */,
				108236F9298A8A13008D0E9D /* FMDB.h */,
				108236FC298A8A13008D0E9D /* FMResultSet.h */,
				108236F7298A8A13008D0E9D /* FMResultSet.m */,
				108236F4298A8A12008D0E9D /* TodoAppWithSQLite-Bridging-Header.h */,
			);
			path = TodoAppWithSQLite;
			sourceTree = "<group>";
		};
		10C03CB0298D533D0016F107 /* extensions */ = {
			isa = PBXGroup;
			children = (
				10C03CB1298D534A0016F107 /* string_extensions.swift */,
			);
			path = extensions;
			sourceTree = "<group>";
		};
		10D2F1E5298BE4A90002E3C0 /* entity */ = {
			isa = PBXGroup;
			children = (
				10D2F1E6298BE4B10002E3C0 /* category.swift */,
				10D2F1E8298BE6310002E3C0 /* todo.swift */,
			);
			path = entity;
			sourceTree = "<group>";
		};
/* End PBXGroup section */

/* Begin PBXNativeTarget section */
		108236DA298A8037008D0E9D /* TodoAppWithSQLite */ = {
			isa = PBXNativeTarget;
			buildConfigurationList = 108236EF298A8038008D0E9D /* Build configuration list for PBXNativeTarget "TodoAppWithSQLite" */;
			buildPhases = (
				108236D7298A8037008D0E9D /* Sources */,
				108236D8298A8037008D0E9D /* Frameworks */,
				108236D9298A8037008D0E9D /* Resources */,
			);
			buildRules = (
			);
			dependencies = (
			);
			name = TodoAppWithSQLite;
			productName = TodoAppWithSQLite;
			productReference = 108236DB298A8037008D0E9D /* TodoAppWithSQLite.app */;
			productType = "com.apple.product-type.application";
		};
/* End PBXNativeTarget section */

/* Begin PBXProject section */
		108236D3298A8037008D0E9D /* Project object */ = {
			isa = PBXProject;
			attributes = {
				BuildIndependentTargetsInParallel = 1;
				LastSwiftUpdateCheck = 1420;
				LastUpgradeCheck = 1420;
				TargetAttributes = {
					108236DA298A8037008D0E9D = {
						CreatedOnToolsVersion = 14.2;
						LastSwiftMigration = 1420;
					};
				};
			};
			buildConfigurationList = 108236D6298A8037008D0E9D /* Build configuration list for PBXProject "TodoAppWithSQLite" */;
			compatibilityVersion = "Xcode 14.0";
			developmentRegion = en;
			hasScannedForEncodings = 0;
			knownRegions = (
				en,
				Base,
			);
			mainGroup = 108236D2298A8037008D0E9D;
			productRefGroup = 108236DC298A8037008D0E9D /* Products */;
			projectDirPath = "";
			projectRoot = "";
			targets = (
				108236DA298A8037008D0E9D /* TodoAppWithSQLite */,
			);
		};
/* End PBXProject section */

/* Begin PBXResourcesBuildPhase section */
		108236D9298A8037008D0E9D /* Resources */ = {
			isa = PBXResourcesBuildPhase;
			buildActionMask = 2147483647;
			files = (
				108236EB298A8038008D0E9D /* LaunchScreen.storyboard in Resources */,
				101E1AC8298C5BFC00F8832D /* todohomework.db in Resources */,
				108236E8298A8038008D0E9D /* Assets.xcassets in Resources */,
				108236E6298A8037008D0E9D /* Main.storyboard in Resources */,
			);
			runOnlyForDeploymentPostprocessing = 0;
		};
/* End PBXResourcesBuildPhase section */

/* Begin PBXSourcesBuildPhase section */
		108236D7298A8037008D0E9D /* Sources */ = {
			isa = PBXSourcesBuildPhase;
			buildActionMask = 2147483647;
			files = (
				108236E3298A8037008D0E9D /* HomeViewController.swift in Sources */,
				10D2F1E7298BE4B10002E3C0 /* category.swift in Sources */,
				10823700298A8A13008D0E9D /* FMDatabaseQueue.m in Sources */,
				108236DF298A8037008D0E9D /* AppDelegate.swift in Sources */,
				10D2F1DF298BD84A0002E3C0 /* HomeViewProtocols.swift in Sources */,
				10D2F1DD298BD7F00002E3C0 /* HomeViewPresent.swift in Sources */,
				101C2271298B056700EAB568 /* TodoTableViewCell.swift in Sources */,
				10D2F1E3298BD85C0002E3C0 /* HomeViewRouter.swift in Sources */,
				108236E1298A8037008D0E9D /* SceneDelegate.swift in Sources */,
				10D2F1E1298BD8540002E3C0 /* HomeViewInteractor.swift in Sources */,
				101C226F298AE26800EAB568 /* CategoryCollectionViewCell.swift in Sources */,
				10D2F1E9298BE6310002E3C0 /* todo.swift in Sources */,
				10823703298A8A13008D0E9D /* FMDatabasePool.m in Sources */,
				10823701298A8A13008D0E9D /* FMResultSet.m in Sources */,
				10823702298A8A13008D0E9D /* FMDatabaseAdditions.m in Sources */,
				10823704298A8A13008D0E9D /* FMDatabase.m in Sources */,
				10C03CB2298D534A0016F107 /* string_extensions.swift in Sources */,
			);
			runOnlyForDeploymentPostprocessing = 0;
		};
/* End PBXSourcesBuildPhase section */

/* Begin PBXVariantGroup section */
		108236E4298A8037008D0E9D /* Main.storyboard */ = {
			isa = PBXVariantGroup;
			children = (
				108236E5298A8037008D0E9D /* Base */,
			);
			name = Main.storyboard;
			sourceTree = "<group>";
		};
		108236E9298A8038008D0E9D /* LaunchScreen.storyboard */ = {
			isa = PBXVariantGroup;
			children = (
				108236EA298A8038008D0E9D /* Base */,
			);
			name = LaunchScreen.storyboard;
			sourceTree = "<group>";
		};
/* End PBXVariantGroup section */

/* Begin XCBuildConfiguration section */
		108236ED298A8038008D0E9D /* Debug */ = {
			isa = XCBuildConfiguration;
			buildSettings = {
				ALWAYS_SEARCH_USER_PATHS = NO;
				CLANG_ANALYZER_NONNULL = YES;
				CLANG_ANALYZER_NUMBER_OBJECT_CONVERSION = YES_AGGRESSIVE;
				CLANG_CXX_LANGUAGE_STANDARD = "gnu++20";
				CLANG_ENABLE_MODULES = YES;
				CLANG_ENABLE_OBJC_ARC = YES;
				CLANG_ENABLE_OBJC_WEAK = YES;
				CLANG_WARN_BLOCK_CAPTURE_AUTORELEASING = YES;
				CLANG_WARN_BOOL_CONVERSION = YES;
				CLANG_WARN_COMMA = YES;
				CLANG_WARN_CONSTANT_CONVERSION = YES;
				CLANG_WARN_DEPRECATED_OBJC_IMPLEMENTATIONS = YES;
				CLANG_WARN_DIRECT_OBJC_ISA_USAGE = YES_ERROR;
				CLANG_WARN_DOCUMENTATION_COMMENTS = YES;
				CLANG_WARN_EMPTY_BODY = YES;
				CLANG_WARN_ENUM_CONVERSION = YES;
				CLANG_WARN_INFINITE_RECURSION = YES;
				CLANG_WARN_INT_CONVERSION = YES;
				CLANG_WARN_NON_LITERAL_NULL_CONVERSION = YES;
				CLANG_WARN_OBJC_IMPLICIT_RETAIN_SELF = YES;
				CLANG_WARN_OBJC_LITERAL_CONVERSION = YES;
				CLANG_WARN_OBJC_ROOT_CLASS = YES_ERROR;
				CLANG_WARN_QUOTED_INCLUDE_IN_FRAMEWORK_HEADER = YES;
				CLANG_WARN_RANGE_LOOP_ANALYSIS = YES;
				CLANG_WARN_STRICT_PROTOTYPES = YES;
				CLANG_WARN_SUSPICIOUS_MOVE = YES;
				CLANG_WARN_UNGUARDED_AVAILABILITY = YES_AGGRESSIVE;
				CLANG_WARN_UNREACHABLE_CODE = YES;
				CLANG_WARN__DUPLICATE_METHOD_MATCH = YES;
				COPY_PHASE_STRIP = NO;
				DEBUG_INFORMATION_FORMAT = dwarf;
				ENABLE_STRICT_OBJC_MSGSEND = YES;
				ENABLE_TESTABILITY = YES;
				GCC_C_LANGUAGE_STANDARD = gnu11;
				GCC_DYNAMIC_NO_PIC = NO;
				GCC_NO_COMMON_BLOCKS = YES;
				GCC_OPTIMIZATION_LEVEL = 0;
				GCC_PREPROCESSOR_DEFINITIONS = (
					"DEBUG=1",
					"$(inherited)",
				);
				GCC_WARN_64_TO_32_BIT_CONVERSION = YES;
				GCC_WARN_ABOUT_RETURN_TYPE = YES_ERROR;
				GCC_WARN_UNDECLARED_SELECTOR = YES;
				GCC_WARN_UNINITIALIZED_AUTOS = YES_AGGRESSIVE;
				GCC_WARN_UNUSED_FUNCTION = YES;
				GCC_WARN_UNUSED_VARIABLE = YES;
				IPHONEOS_DEPLOYMENT_TARGET = 16.2;
				MTL_ENABLE_DEBUG_INFO = INCLUDE_SOURCE;
				MTL_FAST_MATH = YES;
				ONLY_ACTIVE_ARCH = YES;
				SDKROOT = iphoneos;
				SWIFT_ACTIVE_COMPILATION_CONDITIONS = DEBUG;
				SWIFT_OPTIMIZATION_LEVEL = "-Onone";
			};
			name = Debug;
		};
		108236EE298A8038008D0E9D /* Release */ = {
			isa = XCBuildConfiguration;
			buildSettings = {
				ALWAYS_SEARCH_USER_PATHS = NO;
				CLANG_ANALYZER_NONNULL = YES;
				CLANG_ANALYZER_NUMBER_OBJECT_CONVERSION = YES_AGGRESSIVE;
				CLANG_CXX_LANGUAGE_STANDARD = "gnu++20";
				CLANG_ENABLE_MODULES = YES;
				CLANG_ENABLE_OBJC_ARC = YES;
				CLANG_ENABLE_OBJC_WEAK = YES;
				CLANG_WARN_BLOCK_CAPTURE_AUTORELEASING = YES;
				CLANG_WARN_BOOL_CONVERSION = YES;
				CLANG_WARN_COMMA = YES;
				CLANG_WARN_CONSTANT_CONVERSION = YES;
				CLANG_WARN_DEPRECATED_OBJC_IMPLEMENTATIONS = YES;
				CLANG_WARN_DIRECT_OBJC_ISA_USAGE = YES_ERROR;
				CLANG_WARN_DOCUMENTATION_COMMENTS = YES;
				CLANG_WARN_EMPTY_BODY = YES;
				CLANG_WARN_ENUM_CONVERSION = YES;
				CLANG_WARN_INFINITE_RECURSION = YES;
				CLANG_WARN_INT_CONVERSION = YES;
				CLANG_WARN_NON_LITERAL_NULL_CONVERSION = YES;
				CLANG_WARN_OBJC_IMPLICIT_RETAIN_SELF = YES;
				CLANG_WARN_OBJC_LITERAL_CONVERSION = YES;
				CLANG_WARN_OBJC_ROOT_CLASS = YES_ERROR;
				CLANG_WARN_QUOTED_INCLUDE_IN_FRAMEWORK_HEADER = YES;
				CLANG_WARN_RANGE_LOOP_ANALYSIS = YES;
				CLANG_WARN_STRICT_PROTOTYPES = YES;
				CLANG_WARN_SUSPICIOUS_MOVE = YES;
				CLANG_WARN_UNGUARDED_AVAILABILITY = YES_AGGRESSIVE;
				CLANG_WARN_UNREACHABLE_CODE = YES;
				CLANG_WARN__DUPLICATE_METHOD_MATCH = YES;
				COPY_PHASE_STRIP = NO;
				DEBUG_INFORMATION_FORMAT = "dwarf-with-dsym";
				ENABLE_NS_ASSERTIONS = NO;
				ENABLE_STRICT_OBJC_MSGSEND = YES;
				GCC_C_LANGUAGE_STANDARD = gnu11;
				GCC_NO_COMMON_BLOCKS = YES;
				GCC_WARN_64_TO_32_BIT_CONVERSION = YES;
				GCC_WARN_ABOUT_RETURN_TYPE = YES_ERROR;
				GCC_WARN_UNDECLARED_SELECTOR = YES;
				GCC_WARN_UNINITIALIZED_AUTOS = YES_AGGRESSIVE;
				GCC_WARN_UNUSED_FUNCTION = YES;
				GCC_WARN_UNUSED_VARIABLE = YES;
				IPHONEOS_DEPLOYMENT_TARGET = 16.2;
				MTL_ENABLE_DEBUG_INFO = NO;
				MTL_FAST_MATH = YES;
				SDKROOT = iphoneos;
				SWIFT_COMPILATION_MODE = wholemodule;
				SWIFT_OPTIMIZATION_LEVEL = "-O";
				VALIDATE_PRODUCT = YES;
			};
			name = Release;
		};
		108236F0298A8038008D0E9D /* Debug */ = {
			isa = XCBuildConfiguration;
			buildSettings = {
				ASSETCATALOG_COMPILER_APPICON_NAME = AppIcon;
				ASSETCATALOG_COMPILER_GLOBAL_ACCENT_COLOR_NAME = AccentColor;
				CLANG_ENABLE_MODULES = YES;
				CODE_SIGN_STYLE = Automatic;
				CURRENT_PROJECT_VERSION = 1;
				DEVELOPMENT_TEAM = F475N5N7V6;
				GENERATE_INFOPLIST_FILE = YES;
				INFOPLIST_FILE = TodoAppWithSQLite/Info.plist;
				INFOPLIST_KEY_UIApplicationSupportsIndirectInputEvents = YES;
				INFOPLIST_KEY_UILaunchStoryboardName = LaunchScreen;
				INFOPLIST_KEY_UIMainStoryboardFile = Main;
				INFOPLIST_KEY_UISupportedInterfaceOrientations_iPad = "UIInterfaceOrientationPortrait UIInterfaceOrientationPortraitUpsideDown UIInterfaceOrientationLandscapeLeft UIInterfaceOrientationLandscapeRight";
				INFOPLIST_KEY_UISupportedInterfaceOrientations_iPhone = "UIInterfaceOrientationPortrait UIInterfaceOrientationLandscapeLeft UIInterfaceOrientationLandscapeRight";
				LD_RUNPATH_SEARCH_PATHS = (
					"$(inherited)",
					"@executable_path/Frameworks",
				);
				MARKETING_VERSION = 1.0;
				PRODUCT_BUNDLE_IDENTIFIER = com.yagizdokumaci.TodoAppWithSQLite;
				PRODUCT_NAME = "$(TARGET_NAME)";
				SWIFT_EMIT_LOC_STRINGS = YES;
				SWIFT_OBJC_BRIDGING_HEADER = "TodoAppWithSQLite/TodoAppWithSQLite-Bridging-Header.h";
				SWIFT_OPTIMIZATION_LEVEL = "-Onone";
				SWIFT_VERSION = 5.0;
				TARGETED_DEVICE_FAMILY = "1,2";
			};
			name = Debug;
		};
		108236F1298A8038008D0E9D /* Release */ = {
			isa = XCBuildConfiguration;
			buildSettings = {
				ASSETCATALOG_COMPILER_APPICON_NAME = AppIcon;
				ASSETCATALOG_COMPILER_GLOBAL_ACCENT_COLOR_NAME = AccentColor;
				CLANG_ENABLE_MODULES = YES;
				CODE_SIGN_STYLE = Automatic;
				CURRENT_PROJECT_VERSION = 1;
				DEVELOPMENT_TEAM = F475N5N7V6;
				GENERATE_INFOPLIST_FILE = YES;
				INFOPLIST_FILE = TodoAppWithSQLite/Info.plist;
				INFOPLIST_KEY_UIApplicationSupportsIndirectInputEvents = YES;
				INFOPLIST_KEY_UILaunchStoryboardName = LaunchScreen;
				INFOPLIST_KEY_UIMainStoryboardFile = Main;
				INFOPLIST_KEY_UISupportedInterfaceOrientations_iPad = "UIInterfaceOrientationPortrait UIInterfaceOrientationPortraitUpsideDown UIInterfaceOrientationLandscapeLeft UIInterfaceOrientationLandscapeRight";
				INFOPLIST_KEY_UISupportedInterfaceOrientations_iPhone = "UIInterfaceOrientationPortrait UIInterfaceOrientationLandscapeLeft UIInterfaceOrientationLandscapeRight";
				LD_RUNPATH_SEARCH_PATHS = (
					"$(inherited)",
					"@executable_path/Frameworks",
				);
				MARKETING_VERSION = 1.0;
				PRODUCT_BUNDLE_IDENTIFIER = com.yagizdokumaci.TodoAppWithSQLite;
				PRODUCT_NAME = "$(TARGET_NAME)";
				SWIFT_EMIT_LOC_STRINGS = YES;
				SWIFT_OBJC_BRIDGING_HEADER = "TodoAppWithSQLite/TodoAppWithSQLite-Bridging-Header.h";
				SWIFT_VERSION = 5.0;
				TARGETED_DEVICE_FAMILY = "1,2";
			};
			name = Release;
		};
/* End XCBuildConfiguration section */

/* Begin XCConfigurationList section */
		108236D6298A8037008D0E9D /* Build configuration list for PBXProject "TodoAppWithSQLite" */ = {
			isa = XCConfigurationList;
			buildConfigurations = (
				108236ED298A8038008D0E9D /* Debug */,
				108236EE298A8038008D0E9D /* Release */,
			);
			defaultConfigurationIsVisible = 0;
			defaultConfigurationName = Release;
		};
		108236EF298A8038008D0E9D /* Build configuration list for PBXNativeTarget "TodoAppWithSQLite" */ = {
			isa = XCConfigurationList;
			buildConfigurations = (
				108236F0298A8038008D0E9D /* Debug */,
				108236F1298A8038008D0E9D /* Release */,
			);
			defaultConfigurationIsVisible = 0;
			defaultConfigurationName = Release;
		};
/* End XCConfigurationList section */
	};
	rootObject = 108236D3298A8037008D0E9D /* Project object */;
}
